// !$*UTF8*$!
{
	archiveVersion = 1;
	classes = {
	};
	objectVersion = 48;
	objects = {

/* Begin PBXBuildFile section */
		5A8EE8322004490A00705647 /* AppDelegate.swift in Sources */ = {isa = PBXBuildFile; fileRef = 5A8EE8312004490A00705647 /* AppDelegate.swift */; };
		5A8EE8342004490A00705647 /* ViewController.swift in Sources */ = {isa = PBXBuildFile; fileRef = 5A8EE8332004490A00705647 /* ViewController.swift */; };
		5A8EE8372004490A00705647 /* Main.storyboard in Resources */ = {isa = PBXBuildFile; fileRef = 5A8EE8352004490A00705647 /* Main.storyboard */; };
		5A8EE8392004490A00705647 /* Assets.xcassets in Resources */ = {isa = PBXBuildFile; fileRef = 5A8EE8382004490A00705647 /* Assets.xcassets */; };
		5A8EE83C2004490A00705647 /* LaunchScreen.storyboard in Resources */ = {isa = PBXBuildFile; fileRef = 5A8EE83A2004490A00705647 /* LaunchScreen.storyboard */; };
		5A8EE85020044D6500705647 /* Math.swift in Sources */ = {isa = PBXBuildFile; fileRef = 5A8EE84820044D6500705647 /* Math.swift */; };
		5A8EE85120044D6500705647 /* UIImage+CVPixelBuffer.swift in Sources */ = {isa = PBXBuildFile; fileRef = 5A8EE84920044D6500705647 /* UIImage+CVPixelBuffer.swift */; };
		5A8EE85220044D6500705647 /* Array.swift in Sources */ = {isa = PBXBuildFile; fileRef = 5A8EE84A20044D6500705647 /* Array.swift */; };
		5A8EE85320044D6500705647 /* Predictions.swift in Sources */ = {isa = PBXBuildFile; fileRef = 5A8EE84B20044D6500705647 /* Predictions.swift */; };
		5A8EE85420044D6500705647 /* MultiArray.swift in Sources */ = {isa = PBXBuildFile; fileRef = 5A8EE84C20044D6500705647 /* MultiArray.swift */; };
		5A8EE85520044D6500705647 /* CVPixelBuffer+Helpers.swift in Sources */ = {isa = PBXBuildFile; fileRef = 5A8EE84D20044D6500705647 /* CVPixelBuffer+Helpers.swift */; };
		5A8EE85620044D6500705647 /* NonMaxSuppression.swift in Sources */ = {isa = PBXBuildFile; fileRef = 5A8EE84E20044D6500705647 /* NonMaxSuppression.swift */; };
		5A8EE85720044D6500705647 /* MLMultiArray+Image.swift in Sources */ = {isa = PBXBuildFile; fileRef = 5A8EE84F20044D6500705647 /* MLMultiArray+Image.swift */; };
		5AF31987200F45C200AC7728 /* 0.jpg in Resources */ = {isa = PBXBuildFile; fileRef = 5AF3196A200F45BF00AC7728 /* 0.jpg */; };
		5AF31988200F45C200AC7728 /* 6.jpg in Resources */ = {isa = PBXBuildFile; fileRef = 5AF3196B200F45BF00AC7728 /* 6.jpg */; };
		5AF31989200F45C200AC7728 /* 5.jpg in Resources */ = {isa = PBXBuildFile; fileRef = 5AF3196C200F45C000AC7728 /* 5.jpg */; };
		5AF3198A200F45C200AC7728 /* 24.jpg in Resources */ = {isa = PBXBuildFile; fileRef = 5AF3196D200F45C000AC7728 /* 24.jpg */; };
		5AF3198B200F45C200AC7728 /* 9.jpg in Resources */ = {isa = PBXBuildFile; fileRef = 5AF3196E200F45C000AC7728 /* 9.jpg */; };
		5AF3198C200F45C200AC7728 /* 13.jpg in Resources */ = {isa = PBXBuildFile; fileRef = 5AF3196F200F45C000AC7728 /* 13.jpg */; };
		5AF3198D200F45C200AC7728 /* 10.jpg in Resources */ = {isa = PBXBuildFile; fileRef = 5AF31970200F45C000AC7728 /* 10.jpg */; };
		5AF3198E200F45C200AC7728 /* 15.jpg in Resources */ = {isa = PBXBuildFile; fileRef = 5AF31971200F45C000AC7728 /* 15.jpg */; };
		5AF3198F200F45C200AC7728 /* 17.jpg in Resources */ = {isa = PBXBuildFile; fileRef = 5AF31972200F45C000AC7728 /* 17.jpg */; };
		5AF31990200F45C200AC7728 /* 22.jpg in Resources */ = {isa = PBXBuildFile; fileRef = 5AF31973200F45C000AC7728 /* 22.jpg */; };
		5AF31991200F45C200AC7728 /* 4.jpg in Resources */ = {isa = PBXBuildFile; fileRef = 5AF31974200F45C000AC7728 /* 4.jpg */; };
		5AF31992200F45C200AC7728 /* 25.jpg in Resources */ = {isa = PBXBuildFile; fileRef = 5AF31975200F45C000AC7728 /* 25.jpg */; };
		5AF31993200F45C200AC7728 /* 3.jpg in Resources */ = {isa = PBXBuildFile; fileRef = 5AF31976200F45C100AC7728 /* 3.jpg */; };
		5AF31994200F45C200AC7728 /* 18.jpg in Resources */ = {isa = PBXBuildFile; fileRef = 5AF31977200F45C100AC7728 /* 18.jpg */; };
		5AF31995200F45C200AC7728 /* 26.jpg in Resources */ = {isa = PBXBuildFile; fileRef = 5AF31978200F45C100AC7728 /* 26.jpg */; };
		5AF31996200F45C200AC7728 /* 12.jpg in Resources */ = {isa = PBXBuildFile; fileRef = 5AF31979200F45C100AC7728 /* 12.jpg */; };
		5AF31997200F45C200AC7728 /* 14.jpg in Resources */ = {isa = PBXBuildFile; fileRef = 5AF3197A200F45C100AC7728 /* 14.jpg */; };
		5AF31998200F45C200AC7728 /* 27.jpg in Resources */ = {isa = PBXBuildFile; fileRef = 5AF3197B200F45C100AC7728 /* 27.jpg */; };
		5AF31999200F45C200AC7728 /* 2.jpg in Resources */ = {isa = PBXBuildFile; fileRef = 5AF3197C200F45C100AC7728 /* 2.jpg */; };
		5AF3199A200F45C200AC7728 /* 23.jpg in Resources */ = {isa = PBXBuildFile; fileRef = 5AF3197D200F45C100AC7728 /* 23.jpg */; };
		5AF3199B200F45C200AC7728 /* 28.jpg in Resources */ = {isa = PBXBuildFile; fileRef = 5AF3197E200F45C100AC7728 /* 28.jpg */; };
		5AF3199C200F45C200AC7728 /* 20.jpg in Resources */ = {isa = PBXBuildFile; fileRef = 5AF3197F200F45C100AC7728 /* 20.jpg */; };
		5AF3199D200F45C200AC7728 /* 7.jpg in Resources */ = {isa = PBXBuildFile; fileRef = 5AF31980200F45C200AC7728 /* 7.jpg */; };
		5AF3199E200F45C200AC7728 /* 11.jpg in Resources */ = {isa = PBXBuildFile; fileRef = 5AF31981200F45C200AC7728 /* 11.jpg */; };
		5AF3199F200F45C200AC7728 /* 1.jpg in Resources */ = {isa = PBXBuildFile; fileRef = 5AF31982200F45C200AC7728 /* 1.jpg */; };
		5AF319A0200F45C200AC7728 /* 8.jpg in Resources */ = {isa = PBXBuildFile; fileRef = 5AF31983200F45C200AC7728 /* 8.jpg */; };
		5AF319A1200F45C200AC7728 /* 21.jpg in Resources */ = {isa = PBXBuildFile; fileRef = 5AF31984200F45C200AC7728 /* 21.jpg */; };
		5AF319A2200F45C200AC7728 /* 19.jpg in Resources */ = {isa = PBXBuildFile; fileRef = 5AF31985200F45C200AC7728 /* 19.jpg */; };
		5AF319A3200F45C200AC7728 /* 16.jpg in Resources */ = {isa = PBXBuildFile; fileRef = 5AF31986200F45C200AC7728 /* 16.jpg */; };
		5AF319A7200F50B400AC7728 /* dped.mlmodel in Sources */ = {isa = PBXBuildFile; fileRef = 5AF319A6200F50B400AC7728 /* dped.mlmodel */; };
/* End PBXBuildFile section */

/* Begin PBXFileReference section */
		5A8EE82E2004490A00705647 /* coreml-demo.app */ = {isa = PBXFileReference; explicitFileType = wrapper.application; includeInIndex = 0; path = "coreml-demo.app"; sourceTree = BUILT_PRODUCTS_DIR; };
		5A8EE8312004490A00705647 /* AppDelegate.swift */ = {isa = PBXFileReference; lastKnownFileType = sourcecode.swift; path = AppDelegate.swift; sourceTree = "<group>"; };
		5A8EE8332004490A00705647 /* ViewController.swift */ = {isa = PBXFileReference; lastKnownFileType = sourcecode.swift; path = ViewController.swift; sourceTree = "<group>"; };
		5A8EE8362004490A00705647 /* Base */ = {isa = PBXFileReference; lastKnownFileType = file.storyboard; name = Base; path = Base.lproj/Main.storyboard; sourceTree = "<group>"; };
		5A8EE8382004490A00705647 /* Assets.xcassets */ = {isa = PBXFileReference; lastKnownFileType = folder.assetcatalog; path = Assets.xcassets; sourceTree = "<group>"; };
		5A8EE83B2004490A00705647 /* Base */ = {isa = PBXFileReference; lastKnownFileType = file.storyboard; name = Base; path = Base.lproj/LaunchScreen.storyboard; sourceTree = "<group>"; };
		5A8EE83D2004490A00705647 /* Info.plist */ = {isa = PBXFileReference; lastKnownFileType = text.plist.xml; path = Info.plist; sourceTree = "<group>"; };
		5A8EE84820044D6500705647 /* Math.swift */ = {isa = PBXFileReference; fileEncoding = 4; lastKnownFileType = sourcecode.swift; path = Math.swift; sourceTree = "<group>"; };
		5A8EE84920044D6500705647 /* UIImage+CVPixelBuffer.swift */ = {isa = PBXFileReference; fileEncoding = 4; lastKnownFileType = sourcecode.swift; path = "UIImage+CVPixelBuffer.swift"; sourceTree = "<group>"; };
		5A8EE84A20044D6500705647 /* Array.swift */ = {isa = PBXFileReference; fileEncoding = 4; lastKnownFileType = sourcecode.swift; path = Array.swift; sourceTree = "<group>"; };
		5A8EE84B20044D6500705647 /* Predictions.swift */ = {isa = PBXFileReference; fileEncoding = 4; lastKnownFileType = sourcecode.swift; path = Predictions.swift; sourceTree = "<group>"; };
		5A8EE84C20044D6500705647 /* MultiArray.swift */ = {isa = PBXFileReference; fileEncoding = 4; lastKnownFileType = sourcecode.swift; path = MultiArray.swift; sourceTree = "<group>"; };
		5A8EE84D20044D6500705647 /* CVPixelBuffer+Helpers.swift */ = {isa = PBXFileReference; fileEncoding = 4; lastKnownFileType = sourcecode.swift; path = "CVPixelBuffer+Helpers.swift"; sourceTree = "<group>"; };
		5A8EE84E20044D6500705647 /* NonMaxSuppression.swift */ = {isa = PBXFileReference; fileEncoding = 4; lastKnownFileType = sourcecode.swift; path = NonMaxSuppression.swift; sourceTree = "<group>"; };
		5A8EE84F20044D6500705647 /* MLMultiArray+Image.swift */ = {isa = PBXFileReference; fileEncoding = 4; lastKnownFileType = sourcecode.swift; path = "MLMultiArray+Image.swift"; sourceTree = "<group>"; };
		5AF3196A200F45BF00AC7728 /* 0.jpg */ = {isa = PBXFileReference; lastKnownFileType = image.jpeg; path = 0.jpg; sourceTree = "<group>"; };
		5AF3196B200F45BF00AC7728 /* 6.jpg */ = {isa = PBXFileReference; lastKnownFileType = image.jpeg; path = 6.jpg; sourceTree = "<group>"; };
		5AF3196C200F45C000AC7728 /* 5.jpg */ = {isa = PBXFileReference; lastKnownFileType = image.jpeg; path = 5.jpg; sourceTree = "<group>"; };
		5AF3196D200F45C000AC7728 /* 24.jpg */ = {isa = PBXFileReference; lastKnownFileType = image.jpeg; path = 24.jpg; sourceTree = "<group>"; };
		5AF3196E200F45C000AC7728 /* 9.jpg */ = {isa = PBXFileReference; lastKnownFileType = image.jpeg; path = 9.jpg; sourceTree = "<group>"; };
		5AF3196F200F45C000AC7728 /* 13.jpg */ = {isa = PBXFileReference; lastKnownFileType = image.jpeg; path = 13.jpg; sourceTree = "<group>"; };
		5AF31970200F45C000AC7728 /* 10.jpg */ = {isa = PBXFileReference; lastKnownFileType = image.jpeg; path = 10.jpg; sourceTree = "<group>"; };
		5AF31971200F45C000AC7728 /* 15.jpg */ = {isa = PBXFileReference; lastKnownFileType = image.jpeg; path = 15.jpg; sourceTree = "<group>"; };
		5AF31972200F45C000AC7728 /* 17.jpg */ = {isa = PBXFileReference; lastKnownFileType = image.jpeg; path = 17.jpg; sourceTree = "<group>"; };
		5AF31973200F45C000AC7728 /* 22.jpg */ = {isa = PBXFileReference; lastKnownFileType = image.jpeg; path = 22.jpg; sourceTree = "<group>"; };
		5AF31974200F45C000AC7728 /* 4.jpg */ = {isa = PBXFileReference; lastKnownFileType = image.jpeg; path = 4.jpg; sourceTree = "<group>"; };
		5AF31975200F45C000AC7728 /* 25.jpg */ = {isa = PBXFileReference; lastKnownFileType = image.jpeg; path = 25.jpg; sourceTree = "<group>"; };
		5AF31976200F45C100AC7728 /* 3.jpg */ = {isa = PBXFileReference; lastKnownFileType = image.jpeg; path = 3.jpg; sourceTree = "<group>"; };
		5AF31977200F45C100AC7728 /* 18.jpg */ = {isa = PBXFileReference; lastKnownFileType = image.jpeg; path = 18.jpg; sourceTree = "<group>"; };
		5AF31978200F45C100AC7728 /* 26.jpg */ = {isa = PBXFileReference; lastKnownFileType = image.jpeg; path = 26.jpg; sourceTree = "<group>"; };
		5AF31979200F45C100AC7728 /* 12.jpg */ = {isa = PBXFileReference; lastKnownFileType = image.jpeg; path = 12.jpg; sourceTree = "<group>"; };
		5AF3197A200F45C100AC7728 /* 14.jpg */ = {isa = PBXFileReference; lastKnownFileType = image.jpeg; path = 14.jpg; sourceTree = "<group>"; };
		5AF3197B200F45C100AC7728 /* 27.jpg */ = {isa = PBXFileReference; lastKnownFileType = image.jpeg; path = 27.jpg; sourceTree = "<group>"; };
		5AF3197C200F45C100AC7728 /* 2.jpg */ = {isa = PBXFileReference; lastKnownFileType = image.jpeg; path = 2.jpg; sourceTree = "<group>"; };
		5AF3197D200F45C100AC7728 /* 23.jpg */ = {isa = PBXFileReference; lastKnownFileType = image.jpeg; path = 23.jpg; sourceTree = "<group>"; };
		5AF3197E200F45C100AC7728 /* 28.jpg */ = {isa = PBXFileReference; lastKnownFileType = image.jpeg; path = 28.jpg; sourceTree = "<group>"; };
		5AF3197F200F45C100AC7728 /* 20.jpg */ = {isa = PBXFileReference; lastKnownFileType = image.jpeg; path = 20.jpg; sourceTree = "<group>"; };
		5AF31980200F45C200AC7728 /* 7.jpg */ = {isa = PBXFileReference; lastKnownFileType = image.jpeg; path = 7.jpg; sourceTree = "<group>"; };
		5AF31981200F45C200AC7728 /* 11.jpg */ = {isa = PBXFileReference; lastKnownFileType = image.jpeg; path = 11.jpg; sourceTree = "<group>"; };
		5AF31982200F45C200AC7728 /* 1.jpg */ = {isa = PBXFileReference; lastKnownFileType = image.jpeg; path = 1.jpg; sourceTree = "<group>"; };
		5AF31983200F45C200AC7728 /* 8.jpg */ = {isa = PBXFileReference; lastKnownFileType = image.jpeg; path = 8.jpg; sourceTree = "<group>"; };
		5AF31984200F45C200AC7728 /* 21.jpg */ = {isa = PBXFileReference; lastKnownFileType = image.jpeg; path = 21.jpg; sourceTree = "<group>"; };
		5AF31985200F45C200AC7728 /* 19.jpg */ = {isa = PBXFileReference; lastKnownFileType = image.jpeg; path = 19.jpg; sourceTree = "<group>"; };
		5AF31986200F45C200AC7728 /* 16.jpg */ = {isa = PBXFileReference; lastKnownFileType = image.jpeg; path = 16.jpg; sourceTree = "<group>"; };
		5AF319A6200F50B400AC7728 /* dped.mlmodel */ = {isa = PBXFileReference; lastKnownFileType = file.mlmodel; path = dped.mlmodel; sourceTree = "<group>"; };
/* End PBXFileReference section */

/* Begin PBXFrameworksBuildPhase section */
		5A8EE82B2004490A00705647 /* Frameworks */ = {
			isa = PBXFrameworksBuildPhase;
			buildActionMask = 2147483647;
			files = (
			);
			runOnlyForDeploymentPostprocessing = 0;
		};
/* End PBXFrameworksBuildPhase section */

/* Begin PBXGroup section */
		5A8EE8252004490A00705647 = {
			isa = PBXGroup;
			children = (
				5A8EE8302004490A00705647 /* coreml-demo */,
				5A8EE82F2004490A00705647 /* Products */,
			);
			sourceTree = "<group>";
		};
		5A8EE82F2004490A00705647 /* Products */ = {
			isa = PBXGroup;
			children = (
				5A8EE82E2004490A00705647 /* coreml-demo.app */,
			);
			name = Products;
			sourceTree = "<group>";
		};
		5A8EE8302004490A00705647 /* coreml-demo */ = {
			isa = PBXGroup;
			children = (
				5AF319A6200F50B400AC7728 /* dped.mlmodel */,
				5AF3192F200F454E00AC7728 /* images */,
				5A8EE84720044D6500705647 /* CoreMLHelpers */,
				5A8EE8312004490A00705647 /* AppDelegate.swift */,
				5A8EE8332004490A00705647 /* ViewController.swift */,
				5A8EE8352004490A00705647 /* Main.storyboard */,
				5A8EE8382004490A00705647 /* Assets.xcassets */,
				5A8EE83A2004490A00705647 /* LaunchScreen.storyboard */,
				5A8EE83D2004490A00705647 /* Info.plist */,
			);
			path = "coreml-demo";
			sourceTree = "<group>";
		};
		5A8EE84720044D6500705647 /* CoreMLHelpers */ = {
			isa = PBXGroup;
			children = (
				5A8EE84820044D6500705647 /* Math.swift */,
				5A8EE84920044D6500705647 /* UIImage+CVPixelBuffer.swift */,
				5A8EE84A20044D6500705647 /* Array.swift */,
				5A8EE84B20044D6500705647 /* Predictions.swift */,
				5A8EE84C20044D6500705647 /* MultiArray.swift */,
				5A8EE84D20044D6500705647 /* CVPixelBuffer+Helpers.swift */,
				5A8EE84E20044D6500705647 /* NonMaxSuppression.swift */,
				5A8EE84F20044D6500705647 /* MLMultiArray+Image.swift */,
			);
			path = CoreMLHelpers;
			sourceTree = "<group>";
		};
		5AF3192F200F454E00AC7728 /* images */ = {
			isa = PBXGroup;
			children = (
				5AF3196A200F45BF00AC7728 /* 0.jpg */,
				5AF31982200F45C200AC7728 /* 1.jpg */,
				5AF3197C200F45C100AC7728 /* 2.jpg */,
				5AF31976200F45C100AC7728 /* 3.jpg */,
				5AF31974200F45C000AC7728 /* 4.jpg */,
				5AF3196C200F45C000AC7728 /* 5.jpg */,
				5AF3196B200F45BF00AC7728 /* 6.jpg */,
				5AF31980200F45C200AC7728 /* 7.jpg */,
				5AF31983200F45C200AC7728 /* 8.jpg */,
				5AF3196E200F45C000AC7728 /* 9.jpg */,
				5AF31970200F45C000AC7728 /* 10.jpg */,
				5AF31981200F45C200AC7728 /* 11.jpg */,
				5AF31979200F45C100AC7728 /* 12.jpg */,
				5AF3196F200F45C000AC7728 /* 13.jpg */,
				5AF3197A200F45C100AC7728 /* 14.jpg */,
				5AF31971200F45C000AC7728 /* 15.jpg */,
				5AF31986200F45C200AC7728 /* 16.jpg */,
				5AF31972200F45C000AC7728 /* 17.jpg */,
				5AF31977200F45C100AC7728 /* 18.jpg */,
				5AF31985200F45C200AC7728 /* 19.jpg */,
				5AF3197F200F45C100AC7728 /* 20.jpg */,
				5AF31984200F45C200AC7728 /* 21.jpg */,
				5AF31973200F45C000AC7728 /* 22.jpg */,
				5AF3197D200F45C100AC7728 /* 23.jpg */,
				5AF3196D200F45C000AC7728 /* 24.jpg */,
				5AF31975200F45C000AC7728 /* 25.jpg */,
				5AF31978200F45C100AC7728 /* 26.jpg */,
				5AF3197B200F45C100AC7728 /* 27.jpg */,
				5AF3197E200F45C100AC7728 /* 28.jpg */,
			);
			path = images;
			sourceTree = "<group>";
		};
/* End PBXGroup section */

/* Begin PBXNativeTarget section */
		5A8EE82D2004490A00705647 /* coreml-demo */ = {
			isa = PBXNativeTarget;
			buildConfigurationList = 5A8EE8402004490A00705647 /* Build configuration list for PBXNativeTarget "coreml-demo" */;
			buildPhases = (
				5A8EE82A2004490A00705647 /* Sources */,
				5A8EE82B2004490A00705647 /* Frameworks */,
				5A8EE82C2004490A00705647 /* Resources */,
			);
			buildRules = (
			);
			dependencies = (
			);
			name = "coreml-demo";
			productName = "coreml-demo";
			productReference = 5A8EE82E2004490A00705647 /* coreml-demo.app */;
			productType = "com.apple.product-type.application";
		};
/* End PBXNativeTarget section */

/* Begin PBXProject section */
		5A8EE8262004490A00705647 /* Project object */ = {
			isa = PBXProject;
			attributes = {
				LastSwiftUpdateCheck = 0920;
				LastUpgradeCheck = 0920;
				ORGANIZATIONNAME = zerozero;
				TargetAttributes = {
					5A8EE82D2004490A00705647 = {
						CreatedOnToolsVersion = 9.2;
						ProvisioningStyle = Automatic;
					};
				};
			};
			buildConfigurationList = 5A8EE8292004490A00705647 /* Build configuration list for PBXProject "coreml-demo" */;
			compatibilityVersion = "Xcode 8.0";
			developmentRegion = en;
			hasScannedForEncodings = 0;
			knownRegions = (
				en,
				Base,
			);
			mainGroup = 5A8EE8252004490A00705647;
			productRefGroup = 5A8EE82F2004490A00705647 /* Products */;
			projectDirPath = "";
			projectRoot = "";
			targets = (
				5A8EE82D2004490A00705647 /* coreml-demo */,
			);
		};
/* End PBXProject section */

/* Begin PBXResourcesBuildPhase section */
		5A8EE82C2004490A00705647 /* Resources */ = {
			isa = PBXResourcesBuildPhase;
			buildActionMask = 2147483647;
			files = (
				5AF31999200F45C200AC7728 /* 2.jpg in Resources */,
				5AF319A2200F45C200AC7728 /* 19.jpg in Resources */,
				5AF31992200F45C200AC7728 /* 25.jpg in Resources */,
				5AF31990200F45C200AC7728 /* 22.jpg in Resources */,
				5AF3198D200F45C200AC7728 /* 10.jpg in Resources */,
				5AF31994200F45C200AC7728 /* 18.jpg in Resources */,
				5AF3199C200F45C200AC7728 /* 20.jpg in Resources */,
				5AF31987200F45C200AC7728 /* 0.jpg in Resources */,
				5AF3198C200F45C200AC7728 /* 13.jpg in Resources */,
				5A8EE83C2004490A00705647 /* LaunchScreen.storyboard in Resources */,
				5AF31998200F45C200AC7728 /* 27.jpg in Resources */,
				5AF319A1200F45C200AC7728 /* 21.jpg in Resources */,
				5AF3198A200F45C200AC7728 /* 24.jpg in Resources */,
				5AF31993200F45C200AC7728 /* 3.jpg in Resources */,
				5AF3199E200F45C200AC7728 /* 11.jpg in Resources */,
				5AF3199F200F45C200AC7728 /* 1.jpg in Resources */,
				5A8EE8392004490A00705647 /* Assets.xcassets in Resources */,
				5AF3199A200F45C200AC7728 /* 23.jpg in Resources */,
				5AF31997200F45C200AC7728 /* 14.jpg in Resources */,
				5AF319A0200F45C200AC7728 /* 8.jpg in Resources */,
				5AF31989200F45C200AC7728 /* 5.jpg in Resources */,
				5AF3199B200F45C200AC7728 /* 28.jpg in Resources */,
				5AF31995200F45C200AC7728 /* 26.jpg in Resources */,
				5AF31991200F45C200AC7728 /* 4.jpg in Resources */,
				5AF3198B200F45C200AC7728 /* 9.jpg in Resources */,
				5AF31996200F45C200AC7728 /* 12.jpg in Resources */,
				5A8EE8372004490A00705647 /* Main.storyboard in Resources */,
				5AF3198F200F45C200AC7728 /* 17.jpg in Resources */,
				5AF319A3200F45C200AC7728 /* 16.jpg in Resources */,
				5AF3199D200F45C200AC7728 /* 7.jpg in Resources */,
				5AF31988200F45C200AC7728 /* 6.jpg in Resources */,
				5AF3198E200F45C200AC7728 /* 15.jpg in Resources */,
			);
			runOnlyForDeploymentPostprocessing = 0;
		};
/* End PBXResourcesBuildPhase section */

/* Begin PBXSourcesBuildPhase section */
		5A8EE82A2004490A00705647 /* Sources */ = {
			isa = PBXSourcesBuildPhase;
			buildActionMask = 2147483647;
			files = (
				5A8EE8342004490A00705647 /* ViewController.swift in Sources */,
				5A8EE85320044D6500705647 /* Predictions.swift in Sources */,
				5A8EE85120044D6500705647 /* UIImage+CVPixelBuffer.swift in Sources */,
				5A8EE85220044D6500705647 /* Array.swift in Sources */,
				5A8EE85420044D6500705647 /* MultiArray.swift in Sources */,
				5A8EE85520044D6500705647 /* CVPixelBuffer+Helpers.swift in Sources */,
				5A8EE8322004490A00705647 /* AppDelegate.swift in Sources */,
				5A8EE85720044D6500705647 /* MLMultiArray+Image.swift in Sources */,
				5A8EE85620044D6500705647 /* NonMaxSuppression.swift in Sources */,
				5A8EE85020044D6500705647 /* Math.swift in Sources */,
				5AF319A7200F50B400AC7728 /* dped.mlmodel in Sources */,
			);
			runOnlyForDeploymentPostprocessing = 0;
		};
/* End PBXSourcesBuildPhase section */

/* Begin PBXVariantGroup section */
		5A8EE8352004490A00705647 /* Main.storyboard */ = {
			isa = PBXVariantGroup;
			children = (
				5A8EE8362004490A00705647 /* Base */,
			);
			name = Main.storyboard;
			sourceTree = "<group>";
		};
		5A8EE83A2004490A00705647 /* LaunchScreen.storyboard */ = {
			isa = PBXVariantGroup;
			children = (
				5A8EE83B2004490A00705647 /* Base */,
			);
			name = LaunchScreen.storyboard;
			sourceTree = "<group>";
		};
/* End PBXVariantGroup section */

/* Begin XCBuildConfiguration section */
		5A8EE83E2004490A00705647 /* Debug */ = {
			isa = XCBuildConfiguration;
			buildSettings = {
				ALWAYS_SEARCH_USER_PATHS = NO;
				CLANG_ANALYZER_NONNULL = YES;
				CLANG_ANALYZER_NUMBER_OBJECT_CONVERSION = YES_AGGRESSIVE;
				CLANG_CXX_LANGUAGE_STANDARD = "gnu++14";
				CLANG_CXX_LIBRARY = "libc++";
				CLANG_ENABLE_MODULES = YES;
				CLANG_ENABLE_OBJC_ARC = YES;
				CLANG_WARN_BLOCK_CAPTURE_AUTORELEASING = YES;
				CLANG_WARN_BOOL_CONVERSION = YES;
				CLANG_WARN_COMMA = YES;
				CLANG_WARN_CONSTANT_CONVERSION = YES;
				CLANG_WARN_DIRECT_OBJC_ISA_USAGE = YES_ERROR;
				CLANG_WARN_DOCUMENTATION_COMMENTS = YES;
				CLANG_WARN_EMPTY_BODY = YES;
				CLANG_WARN_ENUM_CONVERSION = YES;
				CLANG_WARN_INFINITE_RECURSION = YES;
				CLANG_WARN_INT_CONVERSION = YES;
				CLANG_WARN_NON_LITERAL_NULL_CONVERSION = YES;
				CLANG_WARN_OBJC_LITERAL_CONVERSION = YES;
				CLANG_WARN_OBJC_ROOT_CLASS = YES_ERROR;
				CLANG_WARN_RANGE_LOOP_ANALYSIS = YES;
				CLANG_WARN_STRICT_PROTOTYPES = YES;
				CLANG_WARN_SUSPICIOUS_MOVE = YES;
				CLANG_WARN_UNGUARDED_AVAILABILITY = YES_AGGRESSIVE;
				CLANG_WARN_UNREACHABLE_CODE = YES;
				CLANG_WARN__DUPLICATE_METHOD_MATCH = YES;
				CODE_SIGN_IDENTITY = "iPhone Developer";
				COPY_PHASE_STRIP = NO;
				DEBUG_INFORMATION_FORMAT = dwarf;
				ENABLE_STRICT_OBJC_MSGSEND = YES;
				ENABLE_TESTABILITY = YES;
				GCC_C_LANGUAGE_STANDARD = gnu11;
				GCC_DYNAMIC_NO_PIC = NO;
				GCC_NO_COMMON_BLOCKS = YES;
				GCC_OPTIMIZATION_LEVEL = 0;
				GCC_PREPROCESSOR_DEFINITIONS = (
					"DEBUG=1",
					"$(inherited)",
				);
				GCC_WARN_64_TO_32_BIT_CONVERSION = YES;
				GCC_WARN_ABOUT_RETURN_TYPE = YES_ERROR;
				GCC_WARN_UNDECLARED_SELECTOR = YES;
				GCC_WARN_UNINITIALIZED_AUTOS = YES_AGGRESSIVE;
				GCC_WARN_UNUSED_FUNCTION = YES;
				GCC_WARN_UNUSED_VARIABLE = YES;
				IPHONEOS_DEPLOYMENT_TARGET = 11.2;
				MTL_ENABLE_DEBUG_INFO = YES;
				ONLY_ACTIVE_ARCH = YES;
				SDKROOT = iphoneos;
				SWIFT_ACTIVE_COMPILATION_CONDITIONS = DEBUG;
				SWIFT_OPTIMIZATION_LEVEL = "-Onone";
			};
			name = Debug;
		};
		5A8EE83F2004490A00705647 /* Release */ = {
			isa = XCBuildConfiguration;
			buildSettings = {
				ALWAYS_SEARCH_USER_PATHS = NO;
				CLANG_ANALYZER_NONNULL = YES;
				CLANG_ANALYZER_NUMBER_OBJECT_CONVERSION = YES_AGGRESSIVE;
				CLANG_CXX_LANGUAGE_STANDARD = "gnu++14";
				CLANG_CXX_LIBRARY = "libc++";
				CLANG_ENABLE_MODULES = YES;
				CLANG_ENABLE_OBJC_ARC = YES;
				CLANG_WARN_BLOCK_CAPTURE_AUTORELEASING = YES;
				CLANG_WARN_BOOL_CONVERSION = YES;
				CLANG_WARN_COMMA = YES;
				CLANG_WARN_CONSTANT_CONVERSION = YES;
				CLANG_WARN_DIRECT_OBJC_ISA_USAGE = YES_ERROR;
				CLANG_WARN_DOCUMENTATION_COMMENTS = YES;
				CLANG_WARN_EMPTY_BODY = YES;
				CLANG_WARN_ENUM_CONVERSION = YES;
				CLANG_WARN_INFINITE_RECURSION = YES;
				CLANG_WARN_INT_CONVERSION = YES;
				CLANG_WARN_NON_LITERAL_NULL_CONVERSION = YES;
				CLANG_WARN_OBJC_LITERAL_CONVERSION = YES;
				CLANG_WARN_OBJC_ROOT_CLASS = YES_ERROR;
				CLANG_WARN_RANGE_LOOP_ANALYSIS = YES;
				CLANG_WARN_STRICT_PROTOTYPES = YES;
				CLANG_WARN_SUSPICIOUS_MOVE = YES;
				CLANG_WARN_UNGUARDED_AVAILABILITY = YES_AGGRESSIVE;
				CLANG_WARN_UNREACHABLE_CODE = YES;
				CLANG_WARN__DUPLICATE_METHOD_MATCH = YES;
				CODE_SIGN_IDENTITY = "iPhone Developer";
				COPY_PHASE_STRIP = NO;
				DEBUG_INFORMATION_FORMAT = "dwarf-with-dsym";
				ENABLE_NS_ASSERTIONS = NO;
				ENABLE_STRICT_OBJC_MSGSEND = YES;
				GCC_C_LANGUAGE_STANDARD = gnu11;
				GCC_NO_COMMON_BLOCKS = YES;
				GCC_WARN_64_TO_32_BIT_CONVERSION = YES;
				GCC_WARN_ABOUT_RETURN_TYPE = YES_ERROR;
				GCC_WARN_UNDECLARED_SELECTOR = YES;
				GCC_WARN_UNINITIALIZED_AUTOS = YES_AGGRESSIVE;
				GCC_WARN_UNUSED_FUNCTION = YES;
				GCC_WARN_UNUSED_VARIABLE = YES;
				IPHONEOS_DEPLOYMENT_TARGET = 11.2;
				MTL_ENABLE_DEBUG_INFO = NO;
				SDKROOT = iphoneos;
				SWIFT_OPTIMIZATION_LEVEL = "-Owholemodule";
				VALIDATE_PRODUCT = YES;
			};
			name = Release;
		};
		5A8EE8412004490A00705647 /* Debug */ = {
			isa = XCBuildConfiguration;
			buildSettings = {
				ASSETCATALOG_COMPILER_APPICON_NAME = AppIcon;
				CODE_SIGN_STYLE = Automatic;
				DEVELOPMENT_TEAM = GARYDKLD88;
				INFOPLIST_FILE = "coreml-demo/Info.plist";
				IPHONEOS_DEPLOYMENT_TARGET = 11.2;
				LD_RUNPATH_SEARCH_PATHS = "$(inherited) @executable_path/Frameworks";
				PRODUCT_BUNDLE_IDENTIFIER = "cn.qsc.demo.coreml-demo";
				PRODUCT_NAME = "$(TARGET_NAME)";
				SWIFT_VERSION = 4.0;
				TARGETED_DEVICE_FAMILY = "1,2";
			};
			name = Debug;
		};
		5A8EE8422004490A00705647 /* Release */ = {
			isa = XCBuildConfiguration;
			buildSettings = {
				ASSETCATALOG_COMPILER_APPICON_NAME = AppIcon;
				CODE_SIGN_STYLE = Automatic;
				DEVELOPMENT_TEAM = GARYDKLD88;
				INFOPLIST_FILE = "coreml-demo/Info.plist";
				IPHONEOS_DEPLOYMENT_TARGET = 11.2;
				LD_RUNPATH_SEARCH_PATHS = "$(inherited) @executable_path/Frameworks";
				PRODUCT_BUNDLE_IDENTIFIER = "cn.qsc.demo.coreml-demo";
				PRODUCT_NAME = "$(TARGET_NAME)";
				SWIFT_VERSION = 4.0;
				TARGETED_DEVICE_FAMILY = "1,2";
			};
			name = Release;
		};
/* End XCBuildConfiguration section */

/* Begin XCConfigurationList section */
		5A8EE8292004490A00705647 /* Build configuration list for PBXProject "coreml-demo" */ = {
			isa = XCConfigurationList;
			buildConfigurations = (
				5A8EE83E2004490A00705647 /* Debug */,
				5A8EE83F2004490A00705647 /* Release */,
			);
			defaultConfigurationIsVisible = 0;
			defaultConfigurationName = Release;
		};
		5A8EE8402004490A00705647 /* Build configuration list for PBXNativeTarget "coreml-demo" */ = {
			isa = XCConfigurationList;
			buildConfigurations = (
				5A8EE8412004490A00705647 /* Debug */,
				5A8EE8422004490A00705647 /* Release */,
			);
			defaultConfigurationIsVisible = 0;
			defaultConfigurationName = Release;
		};
/* End XCConfigurationList section */
	};
	rootObject = 5A8EE8262004490A00705647 /* Project object */;
}
